lockfileVersion: '9.0'

settings:
  autoInstallPeers: true
  excludeLinksFromLockfile: false

importers:

  .:
    dependencies:
      '@aether/shared':
        specifier: workspace:*
        version: link:../aether-shared
      cannon-es:
        specifier: ^0.20.0
        version: 0.20.0
      cannon-es-debugger:
        specifier: ^1.0.0
        version: 1.0.0(cannon-es@0.20.0)(three@0.150.1)
      three:
        specifier: ^0.150.1
        version: 0.150.1

packages:

  cannon-es-debugger@1.0.0:
    resolution: {integrity: sha512-sE9lDOBAYFKlh+0w+cvWKwUhJef8HYnUSVPWPL0jD15MAuVRQKno4QYZSGxgOoJkMR3mQqxL4bxys2b3RSWH8g==}
    peerDependencies:
      cannon-es: 0.x
      three: 0.x
      typescript: '>=3.8'
    peerDependenciesMeta:
      typescript:
        optional: true

  cannon-es@0.20.0:
    resolution: {integrity: sha512-eZhWTZIkFOnMAJOgfXJa9+b3kVlvG+FX4mdkpePev/w/rP5V8NRquGyEozcjPfEoXUlb+p7d9SUcmDSn14prOA==}

  three@0.150.1:
    resolution: {integrity: sha512-5C1MqKUWaHYo13BX0Q64qcdwImgnnjSOFgBscOzAo8MYCzEtqfQqorEKMcajnA3FHy1yVlIe9AmaMQ0OQracNA==}

snapshots:

  cannon-es-debugger@1.0.0(cannon-es@0.20.0)(three@0.150.1):
    dependencies:
      cannon-es: 0.20.0
      three: 0.150.1

  cannon-es@0.20.0: {}

  three@0.150.1: {}
